
Microsoft Visual Studio Solution File, Format Version 12.00
# Visual Studio Version 17
VisualStudioVersion = 17.3.32901.215
MinimumVisualStudioVersion = 10.0.40219.1
Project("{9A19103F-16F7-4668-BE54-9A1E7A4F7556}") = "FirstProject", "FirstProject\FirstProject.csproj", "{DC318FD0-27CF-4877-B6A4-3A7CCA5C11DB}"
EndProject
Project("{9A19103F-16F7-4668-BE54-9A1E7A4F7556}") = "Variables", "Variables\Variables.csproj", "{C0A0E134-7CF7-4310-BC36-34D3B14B2FF9}"
EndProject
Project("{9A19103F-16F7-4668-BE54-9A1E7A4F7556}") = "Methods", "Methods\Methods.csproj", "{09AC3885-07D5-443D-8521-D62151B14681}"
EndProject
Project("{9A19103F-16F7-4668-BE54-9A1E7A4F7556}") = "ClassObjectInstance", "ClassObjectInstance\ClassObjectInstance.csproj", "{70ECABCC-8BD0-4344-B03D-7A390DE58350}"
EndProject
Project("{9A19103F-16F7-4668-BE54-9A1E7A4F7556}") = "Excample01_Classproject", "Excample01_Classproject\Excample01_Classproject.csproj", "{1ADFB3B8-577B-4638-860C-2F72D0C01257}"
EndProject
Project("{9A19103F-16F7-4668-BE54-9A1E7A4F7556}") = "Operatprs", "Operatprs\Operatprs.csproj", "{D71C5C26-EC61-42A5-BD9A-F795FB0F1837}"
EndProject
Project("{9A19103F-16F7-4668-BE54-9A1E7A4F7556}") = "Statement_SwitchCase_And_Enum", "Statement_SwitchCase_And_Enum\Statement_SwitchCase_And_Enum.csproj", "{2FEC3566-C4BF-4914-BA1A-02DAD782A044}"
EndProject
Project("{9A19103F-16F7-4668-BE54-9A1E7A4F7556}") = "Array", "Array\Array.csproj", "{0BAD475F-C87F-4934-A284-7E54C9DC140C}"
EndProject
Project("{9A19103F-16F7-4668-BE54-9A1E7A4F7556}") = "Statement_Loops", "Statement_Loops\Statement_Loops.csproj", "{8A2BA4AB-A935-4861-8268-B120F0C80D11}"
EndProject
Project("{9A19103F-16F7-4668-BE54-9A1E7A4F7556}") = "Example02_Array2D", "Example02_Array2D\Example02_Array2D.csproj", "{43E5CA50-AD21-4B14-A972-3BB60BD97EC3}"
EndProject
Project("{9A19103F-16F7-4668-BE54-9A1E7A4F7556}") = "Structure", "Structure\Structure.csproj", "{E81AED25-7358-4EE6-AC31-4ABE5F4E7D6E}"
EndProject
Project("{9A19103F-16F7-4668-BE54-9A1E7A4F7556}") = "Example03_HorseRacing", "Example03_HorseRacing\Example03_HorseRacing.csproj", "{AC7219E5-B163-43F8-8D53-DCD6D2646066}"
EndProject
Project("{9A19103F-16F7-4668-BE54-9A1E7A4F7556}") = "ClassInheritance", "Classent\ClassInheritance.csproj", "{07487B99-D50E-4310-BD42-63C606FA8BF4}"
EndProject
Project("{FAE04EC0-301F-11D3-BF4B-00C04F79EFBC}") = "Collections", "Collections\Collections.csproj", "{608B5B3D-0A28-4E2A-88EA-CA1E7B026643}"
EndProject
Global
	GlobalSection(SolutionConfigurationPlatforms) = preSolution
		Debug|Any CPU = Debug|Any CPU
		Release|Any CPU = Release|Any CPU
	EndGlobalSection
	GlobalSection(ProjectConfigurationPlatforms) = postSolution
		{DC318FD0-27CF-4877-B6A4-3A7CCA5C11DB}.Debug|Any CPU.ActiveCfg = Debug|Any CPU
		{DC318FD0-27CF-4877-B6A4-3A7CCA5C11DB}.Debug|Any CPU.Build.0 = Debug|Any CPU
		{DC318FD0-27CF-4877-B6A4-3A7CCA5C11DB}.Release|Any CPU.ActiveCfg = Release|Any CPU
		{DC318FD0-27CF-4877-B6A4-3A7CCA5C11DB}.Release|Any CPU.Build.0 = Release|Any CPU
		{C0A0E134-7CF7-4310-BC36-34D3B14B2FF9}.Debug|Any CPU.ActiveCfg = Debug|Any CPU
		{C0A0E134-7CF7-4310-BC36-34D3B14B2FF9}.Debug|Any CPU.Build.0 = Debug|Any CPU
		{C0A0E134-7CF7-4310-BC36-34D3B14B2FF9}.Release|Any CPU.ActiveCfg = Release|Any CPU
		{C0A0E134-7CF7-4310-BC36-34D3B14B2FF9}.Release|Any CPU.Build.0 = Release|Any CPU
		{09AC3885-07D5-443D-8521-D62151B14681}.Debug|Any CPU.ActiveCfg = Debug|Any CPU
		{09AC3885-07D5-443D-8521-D62151B14681}.Debug|Any CPU.Build.0 = Debug|Any CPU
		{09AC3885-07D5-443D-8521-D62151B14681}.Release|Any CPU.ActiveCfg = Release|Any CPU
		{09AC3885-07D5-443D-8521-D62151B14681}.Release|Any CPU.Build.0 = Release|Any CPU
		{70ECABCC-8BD0-4344-B03D-7A390DE58350}.Debug|Any CPU.ActiveCfg = Debug|Any CPU
		{70ECABCC-8BD0-4344-B03D-7A390DE58350}.Debug|Any CPU.Build.0 = Debug|Any CPU
		{70ECABCC-8BD0-4344-B03D-7A390DE58350}.Release|Any CPU.ActiveCfg = Release|Any CPU
		{70ECABCC-8BD0-4344-B03D-7A390DE58350}.Release|Any CPU.Build.0 = Release|Any CPU
		{1ADFB3B8-577B-4638-860C-2F72D0C01257}.Debug|Any CPU.ActiveCfg = Debug|Any CPU
		{1ADFB3B8-577B-4638-860C-2F72D0C01257}.Debug|Any CPU.Build.0 = Debug|Any CPU
		{1ADFB3B8-577B-4638-860C-2F72D0C01257}.Release|Any CPU.ActiveCfg = Release|Any CPU
		{1ADFB3B8-577B-4638-860C-2F72D0C01257}.Release|Any CPU.Build.0 = Release|Any CPU
		{D71C5C26-EC61-42A5-BD9A-F795FB0F1837}.Debug|Any CPU.ActiveCfg = Debug|Any CPU
		{D71C5C26-EC61-42A5-BD9A-F795FB0F1837}.Debug|Any CPU.Build.0 = Debug|Any CPU
		{D71C5C26-EC61-42A5-BD9A-F795FB0F1837}.Release|Any CPU.ActiveCfg = Release|Any CPU
		{D71C5C26-EC61-42A5-BD9A-F795FB0F1837}.Release|Any CPU.Build.0 = Release|Any CPU
		{2FEC3566-C4BF-4914-BA1A-02DAD782A044}.Debug|Any CPU.ActiveCfg = Debug|Any CPU
		{2FEC3566-C4BF-4914-BA1A-02DAD782A044}.Debug|Any CPU.Build.0 = Debug|Any CPU
		{2FEC3566-C4BF-4914-BA1A-02DAD782A044}.Release|Any CPU.ActiveCfg = Release|Any CPU
		{2FEC3566-C4BF-4914-BA1A-02DAD782A044}.Release|Any CPU.Build.0 = Release|Any CPU
		{0BAD475F-C87F-4934-A284-7E54C9DC140C}.Debug|Any CPU.ActiveCfg = Debug|Any CPU
		{0BAD475F-C87F-4934-A284-7E54C9DC140C}.Debug|Any CPU.Build.0 = Debug|Any CPU
		{0BAD475F-C87F-4934-A284-7E54C9DC140C}.Release|Any CPU.ActiveCfg = Release|Any CPU
		{0BAD475F-C87F-4934-A284-7E54C9DC140C}.Release|Any CPU.Build.0 = Release|Any CPU
		{8A2BA4AB-A935-4861-8268-B120F0C80D11}.Debug|Any CPU.ActiveCfg = Debug|Any CPU
		{8A2BA4AB-A935-4861-8268-B120F0C80D11}.Debug|Any CPU.Build.0 = Debug|Any CPU
		{8A2BA4AB-A935-4861-8268-B120F0C80D11}.Release|Any CPU.ActiveCfg = Release|Any CPU
		{8A2BA4AB-A935-4861-8268-B120F0C80D11}.Release|Any CPU.Build.0 = Release|Any CPU
		{43E5CA50-AD21-4B14-A972-3BB60BD97EC3}.Debug|Any CPU.ActiveCfg = Debug|Any CPU
		{43E5CA50-AD21-4B14-A972-3BB60BD97EC3}.Debug|Any CPU.Build.0 = Debug|Any CPU
		{43E5CA50-AD21-4B14-A972-3BB60BD97EC3}.Release|Any CPU.ActiveCfg = Release|Any CPU
		{43E5CA50-AD21-4B14-A972-3BB60BD97EC3}.Release|Any CPU.Build.0 = Release|Any CPU
		{E81AED25-7358-4EE6-AC31-4ABE5F4E7D6E}.Debug|Any CPU.ActiveCfg = Debug|Any CPU
		{E81AED25-7358-4EE6-AC31-4ABE5F4E7D6E}.Debug|Any CPU.Build.0 = Debug|Any CPU
		{E81AED25-7358-4EE6-AC31-4ABE5F4E7D6E}.Release|Any CPU.ActiveCfg = Release|Any CPU
		{E81AED25-7358-4EE6-AC31-4ABE5F4E7D6E}.Release|Any CPU.Build.0 = Release|Any CPU
		{AC7219E5-B163-43F8-8D53-DCD6D2646066}.Debug|Any CPU.ActiveCfg = Debug|Any CPU
		{AC7219E5-B163-43F8-8D53-DCD6D2646066}.Debug|Any CPU.Build.0 = Debug|Any CPU
		{AC7219E5-B163-43F8-8D53-DCD6D2646066}.Release|Any CPU.ActiveCfg = Release|Any CPU
		{AC7219E5-B163-43F8-8D53-DCD6D2646066}.Release|Any CPU.Build.0 = Release|Any CPU
		{07487B99-D50E-4310-BD42-63C606FA8BF4}.Debug|Any CPU.ActiveCfg = Debug|Any CPU
		{07487B99-D50E-4310-BD42-63C606FA8BF4}.Debug|Any CPU.Build.0 = Debug|Any CPU
		{07487B99-D50E-4310-BD42-63C606FA8BF4}.Release|Any CPU.ActiveCfg = Release|Any CPU
		{07487B99-D50E-4310-BD42-63C606FA8BF4}.Release|Any CPU.Build.0 = Release|Any CPU
		{608B5B3D-0A28-4E2A-88EA-CA1E7B026643}.Debug|Any CPU.ActiveCfg = Debug|Any CPU
		{608B5B3D-0A28-4E2A-88EA-CA1E7B026643}.Debug|Any CPU.Build.0 = Debug|Any CPU
		{608B5B3D-0A28-4E2A-88EA-CA1E7B026643}.Release|Any CPU.ActiveCfg = Release|Any CPU
		{608B5B3D-0A28-4E2A-88EA-CA1E7B026643}.Release|Any CPU.Build.0 = Release|Any CPU
	EndGlobalSection
	GlobalSection(SolutionProperties) = preSolution
		HideSolutionNode = FALSE
	EndGlobalSection
	GlobalSection(ExtensibilityGlobals) = postSolution
		SolutionGuid = {B2E8549E-136F-4263-95CA-D5B1BC72A230}
	EndGlobalSection
EndGlobal
